
Microsoft Visual Studio Solution File, Format Version 12.00
# Visual Studio Version 17
VisualStudioVersion = 17.7.34202.233
MinimumVisualStudioVersion = 10.0.40219.1
Project("{FAE04EC0-301F-11D3-BF4B-00C04F79EFBC}") = "CodeFirstASP", "CodeFirstASP\CodeFirstASP.csproj", "{DE81BF58-CFB0-4453-B9C2-CD8E89206262}"
EndProject
Project("{FAE04EC0-301F-11D3-BF4B-00C04F79EFBC}") = "DAL", "DAL\DAL.csproj", "{26DD1937-DB2C-43F1-8CE0-627E1C9719ED}"
EndProject
Global
	GlobalSection(SolutionConfigurationPlatforms) = preSolution
		Debug|Any CPU = Debug|Any CPU
		Release|Any CPU = Release|Any CPU
	EndGlobalSection
	GlobalSection(ProjectConfigurationPlatforms) = postSolution
		{DE81BF58-CFB0-4453-B9C2-CD8E89206262}.Debug|Any CPU.ActiveCfg = Debug|Any CPU
		{DE81BF58-CFB0-4453-B9C2-CD8E89206262}.Debug|Any CPU.Build.0 = Debug|Any CPU
		{DE81BF58-CFB0-4453-B9C2-CD8E89206262}.Release|Any CPU.ActiveCfg = Release|Any CPU
		{DE81BF58-CFB0-4453-B9C2-CD8E89206262}.Release|Any CPU.Build.0 = Release|Any CPU
		{26DD1937-DB2C-43F1-8CE0-627E1C9719ED}.Debug|Any CPU.ActiveCfg = Debug|Any CPU
		{26DD1937-DB2C-43F1-8CE0-627E1C9719ED}.Debug|Any CPU.Build.0 = Debug|Any CPU
		{26DD1937-DB2C-43F1-8CE0-627E1C9719ED}.Release|Any CPU.ActiveCfg = Release|Any CPU
		{26DD1937-DB2C-43F1-8CE0-627E1C9719ED}.Release|Any CPU.Build.0 = Release|Any CPU
	EndGlobalSection
	GlobalSection(SolutionProperties) = preSolution
		HideSolutionNode = FALSE
	EndGlobalSection
	GlobalSection(ExtensibilityGlobals) = postSolution
		SolutionGuid = {0163D841-33B0-4B18-939E-652AF5951D9A}
	EndGlobalSection
EndGlobal
